// !$*UTF8*$!
{
	archiveVersion = 1;
	classes = {
	};
	objectVersion = 50;
	objects = {

/* Begin PBXBuildFile section */
		0CA003D123858F3F00EE5A40 /* AppDelegate.swift in Sources */ = {isa = PBXBuildFile; fileRef = 0CA003D023858F3F00EE5A40 /* AppDelegate.swift */; };
		0CA003D323858F3F00EE5A40 /* SceneDelegate.swift in Sources */ = {isa = PBXBuildFile; fileRef = 0CA003D223858F3F00EE5A40 /* SceneDelegate.swift */; };
		0CA003D523858F3F00EE5A40 /* ViewController.swift in Sources */ = {isa = PBXBuildFile; fileRef = 0CA003D423858F3F00EE5A40 /* ViewController.swift */; };
		0CA003D823858F3F00EE5A40 /* Main.storyboard in Resources */ = {isa = PBXBuildFile; fileRef = 0CA003D623858F3F00EE5A40 /* Main.storyboard */; };
		0CA003DA23858F4100EE5A40 /* Assets.xcassets in Resources */ = {isa = PBXBuildFile; fileRef = 0CA003D923858F4100EE5A40 /* Assets.xcassets */; };
		0CA003DD23858F4100EE5A40 /* LaunchScreen.storyboard in Resources */ = {isa = PBXBuildFile; fileRef = 0CA003DB23858F4100EE5A40 /* LaunchScreen.storyboard */; };
		0CA003E5238C20DA00EE5A40 /* BGPlayView.swift in Sources */ = {isa = PBXBuildFile; fileRef = 0CA003E4238C20DA00EE5A40 /* BGPlayView.swift */; };
		0CA003E7238C26C000EE5A40 /* BGPlayScene.swift in Sources */ = {isa = PBXBuildFile; fileRef = 0CA003E6238C26C000EE5A40 /* BGPlayScene.swift */; };
/* End PBXBuildFile section */

/* Begin PBXFileReference section */
		0CA003CD23858F3F00EE5A40 /* bouncesGame.app */ = {isa = PBXFileReference; explicitFileType = wrapper.application; includeInIndex = 0; path = bouncesGame.app; sourceTree = BUILT_PRODUCTS_DIR; };
		0CA003D023858F3F00EE5A40 /* AppDelegate.swift */ = {isa = PBXFileReference; lastKnownFileType = sourcecode.swift; path = AppDelegate.swift; sourceTree = "<group>"; };
		0CA003D223858F3F00EE5A40 /* SceneDelegate.swift */ = {isa = PBXFileReference; lastKnownFileType = sourcecode.swift; path = SceneDelegate.swift; sourceTree = "<group>"; };
		0CA003D423858F3F00EE5A40 /* ViewController.swift */ = {isa = PBXFileReference; lastKnownFileType = sourcecode.swift; path = ViewController.swift; sourceTree = "<group>"; };
		0CA003D723858F3F00EE5A40 /* Base */ = {isa = PBXFileReference; lastKnownFileType = file.storyboard; name = Base; path = Base.lproj/Main.storyboard; sourceTree = "<group>"; };
		0CA003D923858F4100EE5A40 /* Assets.xcassets */ = {isa = PBXFileReference; lastKnownFileType = folder.assetcatalog; path = Assets.xcassets; sourceTree = "<group>"; };
		0CA003DC23858F4100EE5A40 /* Base */ = {isa = PBXFileReference; lastKnownFileType = file.storyboard; name = Base; path = Base.lproj/LaunchScreen.storyboard; sourceTree = "<group>"; };
		0CA003DE23858F4100EE5A40 /* Info.plist */ = {isa = PBXFileReference; lastKnownFileType = text.plist.xml; path = Info.plist; sourceTree = "<group>"; };
		0CA003E4238C20DA00EE5A40 /* BGPlayView.swift */ = {isa = PBXFileReference; lastKnownFileType = sourcecode.swift; path = BGPlayView.swift; sourceTree = "<group>"; };
		0CA003E6238C26C000EE5A40 /* BGPlayScene.swift */ = {isa = PBXFileReference; lastKnownFileType = sourcecode.swift; path = BGPlayScene.swift; sourceTree = "<group>"; };
/* End PBXFileReference section */

/* Begin PBXFrameworksBuildPhase section */
		0CA003CA23858F3F00EE5A40 /* Frameworks */ = {
			isa = PBXFrameworksBuildPhase;
			buildActionMask = 2147483647;
			files = (
			);
			runOnlyForDeploymentPostprocessing = 0;
		};
/* End PBXFrameworksBuildPhase section */

/* Begin PBXGroup section */
		0CA003C423858F3F00EE5A40 = {
			isa = PBXGroup;
			children = (
				0CA003CF23858F3F00EE5A40 /* bouncesGame */,
				0CA003CE23858F3F00EE5A40 /* Products */,
			);
			sourceTree = "<group>";
		};
		0CA003CE23858F3F00EE5A40 /* Products */ = {
			isa = PBXGroup;
			children = (
				0CA003CD23858F3F00EE5A40 /* bouncesGame.app */,
			);
			name = Products;
			sourceTree = "<group>";
		};
		0CA003CF23858F3F00EE5A40 /* bouncesGame */ = {
			isa = PBXGroup;
			children = (
				0CA003D023858F3F00EE5A40 /* AppDelegate.swift */,
				0CA003D223858F3F00EE5A40 /* SceneDelegate.swift */,
				0CA003D423858F3F00EE5A40 /* ViewController.swift */,
				0CA003E4238C20DA00EE5A40 /* BGPlayView.swift */,
				0CA003E6238C26C000EE5A40 /* BGPlayScene.swift */,
				0CA003D623858F3F00EE5A40 /* Main.storyboard */,
				0CA003D923858F4100EE5A40 /* Assets.xcassets */,
				0CA003DB23858F4100EE5A40 /* LaunchScreen.storyboard */,
				0CA003DE23858F4100EE5A40 /* Info.plist */,
			);
			path = bouncesGame;
			sourceTree = "<group>";
		};
/* End PBXGroup section */

/* Begin PBXNativeTarget section */
		0CA003CC23858F3F00EE5A40 /* bouncesGame */ = {
			isa = PBXNativeTarget;
			buildConfigurationList = 0CA003E123858F4100EE5A40 /* Build configuration list for PBXNativeTarget "bouncesGame" */;
			buildPhases = (
				0CA003C923858F3F00EE5A40 /* Sources */,
				0CA003CA23858F3F00EE5A40 /* Frameworks */,
				0CA003CB23858F3F00EE5A40 /* Resources */,
			);
			buildRules = (
			);
			dependencies = (
			);
			name = bouncesGame;
			productName = bouncesGame;
			productReference = 0CA003CD23858F3F00EE5A40 /* bouncesGame.app */;
			productType = "com.apple.product-type.application";
		};
/* End PBXNativeTarget section */

/* Begin PBXProject section */
		0CA003C523858F3F00EE5A40 /* Project object */ = {
			isa = PBXProject;
			attributes = {
				LastSwiftUpdateCheck = 1100;
				LastUpgradeCheck = 1100;
				ORGANIZATIONNAME = "翁培钧";
				TargetAttributes = {
					0CA003CC23858F3F00EE5A40 = {
						CreatedOnToolsVersion = 11.0;
					};
				};
			};
			buildConfigurationList = 0CA003C823858F3F00EE5A40 /* Build configuration list for PBXProject "bouncesGame" */;
			compatibilityVersion = "Xcode 9.3";
			developmentRegion = en;
			hasScannedForEncodings = 0;
			knownRegions = (
				en,
				Base,
			);
			mainGroup = 0CA003C423858F3F00EE5A40;
			productRefGroup = 0CA003CE23858F3F00EE5A40 /* Products */;
			projectDirPath = "";
			projectRoot = "";
			targets = (
				0CA003CC23858F3F00EE5A40 /* bouncesGame */,
			);
		};
/* End PBXProject section */

/* Begin PBXResourcesBuildPhase section */
		0CA003CB23858F3F00EE5A40 /* Resources */ = {
			isa = PBXResourcesBuildPhase;
			buildActionMask = 2147483647;
			files = (
				0CA003DD23858F4100EE5A40 /* LaunchScreen.storyboard in Resources */,
				0CA003DA23858F4100EE5A40 /* Assets.xcassets in Resources */,
				0CA003D823858F3F00EE5A40 /* Main.storyboard in Resources */,
			);
			runOnlyForDeploymentPostprocessing = 0;
		};
/* End PBXResourcesBuildPhase section */

/* Begin PBXSourcesBuildPhase section */
		0CA003C923858F3F00EE5A40 /* Sources */ = {
			isa = PBXSourcesBuildPhase;
			buildActionMask = 2147483647;
			files = (
				0CA003E7238C26C000EE5A40 /* BGPlayScene.swift in Sources */,
				0CA003D523858F3F00EE5A40 /* ViewController.swift in Sources */,
				0CA003D123858F3F00EE5A40 /* AppDelegate.swift in Sources */,
				0CA003E5238C20DA00EE5A40 /* BGPlayView.swift in Sources */,
				0CA003D323858F3F00EE5A40 /* SceneDelegate.swift in Sources */,
			);
			runOnlyForDeploymentPostprocessing = 0;
		};
/* End PBXSourcesBuildPhase section */

/* Begin PBXVariantGroup section */
		0CA003D623858F3F00EE5A40 /* Main.storyboard */ = {
			isa = PBXVariantGroup;
			children = (
				0CA003D723858F3F00EE5A40 /* Base */,
			);
			name = Main.storyboard;
			sourceTree = "<group>";
		};
		0CA003DB23858F4100EE5A40 /* LaunchScreen.storyboard */ = {
			isa = PBXVariantGroup;
			children = (
				0CA003DC23858F4100EE5A40 /* Base */,
			);
			name = LaunchScreen.storyboard;
			sourceTree = "<group>";
		};
/* End PBXVariantGroup section */

/* Begin XCBuildConfiguration section */
		0CA003DF23858F4100EE5A40 /* Debug */ = {
			isa = XCBuildConfiguration;
			buildSettings = {
				ALWAYS_SEARCH_USER_PATHS = NO;
				CLANG_ANALYZER_NONNULL = YES;
				CLANG_ANALYZER_NUMBER_OBJECT_CONVERSION = YES_AGGRESSIVE;
				CLANG_CXX_LANGUAGE_STANDARD = "gnu++14";
				CLANG_CXX_LIBRARY = "libc++";
				CLANG_ENABLE_MODULES = YES;
				CLANG_ENABLE_OBJC_ARC = YES;
				CLANG_ENABLE_OBJC_WEAK = YES;
				CLANG_WARN_BLOCK_CAPTURE_AUTORELEASING = YES;
				CLANG_WARN_BOOL_CONVERSION = YES;
				CLANG_WARN_COMMA = YES;
				CLANG_WARN_CONSTANT_CONVERSION = YES;
				CLANG_WARN_DEPRECATED_OBJC_IMPLEMENTATIONS = YES;
				CLANG_WARN_DIRECT_OBJC_ISA_USAGE = YES_ERROR;
				CLANG_WARN_DOCUMENTATION_COMMENTS = YES;
				CLANG_WARN_EMPTY_BODY = YES;
				CLANG_WARN_ENUM_CONVERSION = YES;
				CLANG_WARN_INFINITE_RECURSION = YES;
				CLANG_WARN_INT_CONVERSION = YES;
				CLANG_WARN_NON_LITERAL_NULL_CONVERSION = YES;
				CLANG_WARN_OBJC_IMPLICIT_RETAIN_SELF = YES;
				CLANG_WARN_OBJC_LITERAL_CONVERSION = YES;
				CLANG_WARN_OBJC_ROOT_CLASS = YES_ERROR;
				CLANG_WARN_RANGE_LOOP_ANALYSIS = YES;
				CLANG_WARN_STRICT_PROTOTYPES = YES;
				CLANG_WARN_SUSPICIOUS_MOVE = YES;
				CLANG_WARN_UNGUARDED_AVAILABILITY = YES_AGGRESSIVE;
				CLANG_WARN_UNREACHABLE_CODE = YES;
				CLANG_WARN__DUPLICATE_METHOD_MATCH = YES;
				COPY_PHASE_STRIP = NO;
				DEBUG_INFORMATION_FORMAT = dwarf;
				ENABLE_STRICT_OBJC_MSGSEND = YES;
				ENABLE_TESTABILITY = YES;
				GCC_C_LANGUAGE_STANDARD = gnu11;
				GCC_DYNAMIC_NO_PIC = NO;
				GCC_NO_COMMON_BLOCKS = YES;
				GCC_OPTIMIZATION_LEVEL = 0;
				GCC_PREPROCESSOR_DEFINITIONS = (
					"DEBUG=1",
					"$(inherited)",
				);
				GCC_WARN_64_TO_32_BIT_CONVERSION = YES;
				GCC_WARN_ABOUT_RETURN_TYPE = YES_ERROR;
				GCC_WARN_UNDECLARED_SELECTOR = YES;
				GCC_WARN_UNINITIALIZED_AUTOS = YES_AGGRESSIVE;
				GCC_WARN_UNUSED_FUNCTION = YES;
				GCC_WARN_UNUSED_VARIABLE = YES;
				IPHONEOS_DEPLOYMENT_TARGET = 13.0;
				MTL_ENABLE_DEBUG_INFO = INCLUDE_SOURCE;
				MTL_FAST_MATH = YES;
				ONLY_ACTIVE_ARCH = YES;
				SDKROOT = iphoneos;
				SWIFT_ACTIVE_COMPILATION_CONDITIONS = DEBUG;
				SWIFT_OPTIMIZATION_LEVEL = "-Onone";
			};
			name = Debug;
		};
		0CA003E023858F4100EE5A40 /* Release */ = {
			isa = XCBuildConfiguration;
			buildSettings = {
				ALWAYS_SEARCH_USER_PATHS = NO;
				CLANG_ANALYZER_NONNULL = YES;
				CLANG_ANALYZER_NUMBER_OBJECT_CONVERSION = YES_AGGRESSIVE;
				CLANG_CXX_LANGUAGE_STANDARD = "gnu++14";
				CLANG_CXX_LIBRARY = "libc++";
				CLANG_ENABLE_MODULES = YES;
				CLANG_ENABLE_OBJC_ARC = YES;
				CLANG_ENABLE_OBJC_WEAK = YES;
				CLANG_WARN_BLOCK_CAPTURE_AUTORELEASING = YES;
				CLANG_WARN_BOOL_CONVERSION = YES;
				CLANG_WARN_COMMA = YES;
				CLANG_WARN_CONSTANT_CONVERSION = YES;
				CLANG_WARN_DEPRECATED_OBJC_IMPLEMENTATIONS = YES;
				CLANG_WARN_DIRECT_OBJC_ISA_USAGE = YES_ERROR;
				CLANG_WARN_DOCUMENTATION_COMMENTS = YES;
				CLANG_WARN_EMPTY_BODY = YES;
				CLANG_WARN_ENUM_CONVERSION = YES;
				CLANG_WARN_INFINITE_RECURSION = YES;
				CLANG_WARN_INT_CONVERSION = YES;
				CLANG_WARN_NON_LITERAL_NULL_CONVERSION = YES;
				CLANG_WARN_OBJC_IMPLICIT_RETAIN_SELF = YES;
				CLANG_WARN_OBJC_LITERAL_CONVERSION = YES;
				CLANG_WARN_OBJC_ROOT_CLASS = YES_ERROR;
				CLANG_WARN_RANGE_LOOP_ANALYSIS = YES;
				CLANG_WARN_STRICT_PROTOTYPES = YES;
				CLANG_WARN_SUSPICIOUS_MOVE = YES;
				CLANG_WARN_UNGUARDED_AVAILABILITY = YES_AGGRESSIVE;
				CLANG_WARN_UNREACHABLE_CODE = YES;
				CLANG_WARN__DUPLICATE_METHOD_MATCH = YES;
				COPY_PHASE_STRIP = NO;
				DEBUG_INFORMATION_FORMAT = "dwarf-with-dsym";
				ENABLE_NS_ASSERTIONS = NO;
				ENABLE_STRICT_OBJC_MSGSEND = YES;
				GCC_C_LANGUAGE_STANDARD = gnu11;
				GCC_NO_COMMON_BLOCKS = YES;
				GCC_WARN_64_TO_32_BIT_CONVERSION = YES;
				GCC_WARN_ABOUT_RETURN_TYPE = YES_ERROR;
				GCC_WARN_UNDECLARED_SELECTOR = YES;
				GCC_WARN_UNINITIALIZED_AUTOS = YES_AGGRESSIVE;
				GCC_WARN_UNUSED_FUNCTION = YES;
				GCC_WARN_UNUSED_VARIABLE = YES;
				IPHONEOS_DEPLOYMENT_TARGET = 13.0;
				MTL_ENABLE_DEBUG_INFO = NO;
				MTL_FAST_MATH = YES;
				SDKROOT = iphoneos;
				SWIFT_COMPILATION_MODE = wholemodule;
				SWIFT_OPTIMIZATION_LEVEL = "-O";
				VALIDATE_PRODUCT = YES;
			};
			name = Release;
		};
		0CA003E223858F4100EE5A40 /* Debug */ = {
			isa = XCBuildConfiguration;
			buildSettings = {
				ASSETCATALOG_COMPILER_APPICON_NAME = AppIcon;
				CODE_SIGN_STYLE = Automatic;
				DEVELOPMENT_TEAM = U6J5965DZK;
				INFOPLIST_FILE = bouncesGame/Info.plist;
				LD_RUNPATH_SEARCH_PATHS = (
					"$(inherited)",
					"@executable_path/Frameworks",
				);
				PRODUCT_BUNDLE_IDENTIFIER = com.pjhubs.bouncesGame;
				PRODUCT_NAME = "$(TARGET_NAME)";
				SWIFT_VERSION = 5.0;
				TARGETED_DEVICE_FAMILY = "1,2";
			};
			name = Debug;
		};
		0CA003E323858F4100EE5A40 /* Release */ = {
			isa = XCBuildConfiguration;
			buildSettings = {
				ASSETCATALOG_COMPILER_APPICON_NAME = AppIcon;
				CODE_SIGN_STYLE = Automatic;
				DEVELOPMENT_TEAM = U6J5965DZK;
				INFOPLIST_FILE = bouncesGame/Info.plist;
				LD_RUNPATH_SEARCH_PATHS = (
					"$(inherited)",
					"@executable_path/Frameworks",
				);
				PRODUCT_BUNDLE_IDENTIFIER = com.pjhubs.bouncesGame;
				PRODUCT_NAME = "$(TARGET_NAME)";
				SWIFT_VERSION = 5.0;
				TARGETED_DEVICE_FAMILY = "1,2";
			};
			name = Release;
		};
/* End XCBuildConfiguration section */

/* Begin XCConfigurationList section */
		0CA003C823858F3F00EE5A40 /* Build configuration list for PBXProject "bouncesGame" */ = {
			isa = XCConfigurationList;
			buildConfigurations = (
				0CA003DF23858F4100EE5A40 /* Debug */,
				0CA003E023858F4100EE5A40 /* Release */,
			);
			defaultConfigurationIsVisible = 0;
			defaultConfigurationName = Release;
		};
		0CA003E123858F4100EE5A40 /* Build configuration list for PBXNativeTarget "bouncesGame" */ = {
			isa = XCConfigurationList;
			buildConfigurations = (
				0CA003E223858F4100EE5A40 /* Debug */,
				0CA003E323858F4100EE5A40 /* Release */,
			);
			defaultConfigurationIsVisible = 0;
			defaultConfigurationName = Release;
		};
/* End XCConfigurationList section */
	};
	rootObject = 0CA003C523858F3F00EE5A40 /* Project object */;
}
